// !$*UTF8*$!
{
	archiveVersion = 1;
	classes = {
	};
	objectVersion = 46;
	objects = {

/* Begin PBXBuildFile section */
		121656A71CA8E03700B5F2BF /* Distribution.swift in Sources */ = {isa = PBXBuildFile; fileRef = 121656A61CA8E03700B5F2BF /* Distribution.swift */; };
		12200FD91C6064A600F8A468 /* clear_tombstone_01.caf in Resources */ = {isa = PBXBuildFile; fileRef = 12200FD81C6064A600F8A468 /* clear_tombstone_01.caf */; };
		12200FDB1C681F0500F8A468 /* Rack.swift in Sources */ = {isa = PBXBuildFile; fileRef = 12200FDA1C681F0500F8A468 /* Rack.swift */; };
		12520A7D1CB1C3380094F657 /* WordsTests.swift in Sources */ = {isa = PBXBuildFile; fileRef = 12520A7C1CB1C3380094F657 /* WordsTests.swift */; };
		12520A841CB1C42A0094F657 /* DictionaryTest.swift in Sources */ = {isa = PBXBuildFile; fileRef = 121656A81CB1BE9400B5F2BF /* DictionaryTest.swift */; };
		12520A861CB1D0DA0094F657 /* DistributionTest.swift in Sources */ = {isa = PBXBuildFile; fileRef = 12520A851CB1D0DA0094F657 /* DistributionTest.swift */; };
		1275F8AB1C83B9CC000B228C /* Banner.swift in Sources */ = {isa = PBXBuildFile; fileRef = 1275F8AA1C83B9CC000B228C /* Banner.swift */; };
		129334F81C5D029A0007E7E4 /* Array2D.swift in Sources */ = {isa = PBXBuildFile; fileRef = 129334F71C5D029A0007E7E4 /* Array2D.swift */; };
		129334FC1C5D4BBA0007E7E4 /* Alphabet.swift in Sources */ = {isa = PBXBuildFile; fileRef = 129334FB1C5D4BBA0007E7E4 /* Alphabet.swift */; };
		129334FE1C5D4D800007E7E4 /* dictionary.txt in Resources */ = {isa = PBXBuildFile; fileRef = 129334FD1C5D4D800007E7E4 /* dictionary.txt */; };
		129335041C5D4D8D0007E7E4 /* Dictionary.swift in Sources */ = {isa = PBXBuildFile; fileRef = 129334FF1C5D4D8D0007E7E4 /* Dictionary.swift */; };
		129335051C5D4D8D0007E7E4 /* Scrabble.swift in Sources */ = {isa = PBXBuildFile; fileRef = 129335001C5D4D8D0007E7E4 /* Scrabble.swift */; };
		129335061C5D4D8D0007E7E4 /* Tile.swift in Sources */ = {isa = PBXBuildFile; fileRef = 129335011C5D4D8D0007E7E4 /* Tile.swift */; };
		129335071C5D4D8D0007E7E4 /* Word.swift in Sources */ = {isa = PBXBuildFile; fileRef = 129335021C5D4D8D0007E7E4 /* Word.swift */; };
		129335081C5D4D8D0007E7E4 /* Board.swift in Sources */ = {isa = PBXBuildFile; fileRef = 129335031C5D4D8D0007E7E4 /* Board.swift */; };
		12A099CF1CB217C0000AB3B2 /* ScrabbleTest.swift in Sources */ = {isa = PBXBuildFile; fileRef = 12A099CE1CB217C0000AB3B2 /* ScrabbleTest.swift */; };
		12A6467B1C5CFB9C004540AC /* AppDelegate.swift in Sources */ = {isa = PBXBuildFile; fileRef = 12A6467A1C5CFB9C004540AC /* AppDelegate.swift */; };
		12A6467F1C5CFB9C004540AC /* GameScene.swift in Sources */ = {isa = PBXBuildFile; fileRef = 12A6467E1C5CFB9C004540AC /* GameScene.swift */; };
		12A646811C5CFB9C004540AC /* GameViewController.swift in Sources */ = {isa = PBXBuildFile; fileRef = 12A646801C5CFB9C004540AC /* GameViewController.swift */; };
		12A646841C5CFB9C004540AC /* Main.storyboard in Resources */ = {isa = PBXBuildFile; fileRef = 12A646821C5CFB9C004540AC /* Main.storyboard */; };
		12A646861C5CFB9C004540AC /* Assets.xcassets in Resources */ = {isa = PBXBuildFile; fileRef = 12A646851C5CFB9C004540AC /* Assets.xcassets */; };
		12A646891C5CFB9C004540AC /* LaunchScreen.storyboard in Resources */ = {isa = PBXBuildFile; fileRef = 12A646871C5CFB9C004540AC /* LaunchScreen.storyboard */; };
		12A646AD1C5CFCBD004540AC /* Sprites.atlas in Resources */ = {isa = PBXBuildFile; fileRef = 12A646AC1C5CFCBD004540AC /* Sprites.atlas */; };
/* End PBXBuildFile section */

/* Begin PBXContainerItemProxy section */
		12520A7F1CB1C3380094F657 /* PBXContainerItemProxy */ = {
			isa = PBXContainerItemProxy;
			containerPortal = 12A6466F1C5CFB9C004540AC /* Project object */;
			proxyType = 1;
			remoteGlobalIDString = 12A646761C5CFB9C004540AC;
			remoteInfo = Words;
		};
/* End PBXContainerItemProxy section */

/* Begin PBXFileReference section */
		121656A61CA8E03700B5F2BF /* Distribution.swift */ = {isa = PBXFileReference; fileEncoding = 4; lastKnownFileType = sourcecode.swift; path = Distribution.swift; sourceTree = "<group>"; };
		121656A81CB1BE9400B5F2BF /* DictionaryTest.swift */ = {isa = PBXFileReference; fileEncoding = 4; lastKnownFileType = sourcecode.swift; name = DictionaryTest.swift; path = ../wordsTests/DictionaryTest.swift; sourceTree = "<group>"; };
		12200FD81C6064A600F8A468 /* clear_tombstone_01.caf */ = {isa = PBXFileReference; lastKnownFileType = file; path = clear_tombstone_01.caf; sourceTree = "<group>"; };
		12200FDA1C681F0500F8A468 /* Rack.swift */ = {isa = PBXFileReference; fileEncoding = 4; lastKnownFileType = sourcecode.swift; path = Rack.swift; sourceTree = "<group>"; };
		12520A7A1CB1C3380094F657 /* WordsTests.xctest */ = {isa = PBXFileReference; explicitFileType = wrapper.cfbundle; includeInIndex = 0; path = WordsTests.xctest; sourceTree = BUILT_PRODUCTS_DIR; };
		12520A7C1CB1C3380094F657 /* WordsTests.swift */ = {isa = PBXFileReference; lastKnownFileType = sourcecode.swift; path = WordsTests.swift; sourceTree = "<group>"; };
		12520A7E1CB1C3380094F657 /* Info.plist */ = {isa = PBXFileReference; lastKnownFileType = text.plist.xml; path = Info.plist; sourceTree = "<group>"; };
		12520A851CB1D0DA0094F657 /* DistributionTest.swift */ = {isa = PBXFileReference; fileEncoding = 4; lastKnownFileType = sourcecode.swift; name = DistributionTest.swift; path = wordsTests/DistributionTest.swift; sourceTree = SOURCE_ROOT; };
		1275F8AA1C83B9CC000B228C /* Banner.swift */ = {isa = PBXFileReference; fileEncoding = 4; lastKnownFileType = sourcecode.swift; path = Banner.swift; sourceTree = "<group>"; };
		129334F71C5D029A0007E7E4 /* Array2D.swift */ = {isa = PBXFileReference; fileEncoding = 4; lastKnownFileType = sourcecode.swift; path = Array2D.swift; sourceTree = "<group>"; };
		129334FB1C5D4BBA0007E7E4 /* Alphabet.swift */ = {isa = PBXFileReference; fileEncoding = 4; lastKnownFileType = sourcecode.swift; path = Alphabet.swift; sourceTree = "<group>"; };
		129334FD1C5D4D800007E7E4 /* dictionary.txt */ = {isa = PBXFileReference; fileEncoding = 4; lastKnownFileType = text; path = dictionary.txt; sourceTree = "<group>"; };
		129334FF1C5D4D8D0007E7E4 /* Dictionary.swift */ = {isa = PBXFileReference; fileEncoding = 4; lastKnownFileType = sourcecode.swift; path = Dictionary.swift; sourceTree = "<group>"; };
		129335001C5D4D8D0007E7E4 /* Scrabble.swift */ = {isa = PBXFileReference; fileEncoding = 4; lastKnownFileType = sourcecode.swift; path = Scrabble.swift; sourceTree = "<group>"; };
		129335011C5D4D8D0007E7E4 /* Tile.swift */ = {isa = PBXFileReference; fileEncoding = 4; lastKnownFileType = sourcecode.swift; path = Tile.swift; sourceTree = "<group>"; };
		129335021C5D4D8D0007E7E4 /* Word.swift */ = {isa = PBXFileReference; fileEncoding = 4; lastKnownFileType = sourcecode.swift; path = Word.swift; sourceTree = "<group>"; };
		129335031C5D4D8D0007E7E4 /* Board.swift */ = {isa = PBXFileReference; fileEncoding = 4; lastKnownFileType = sourcecode.swift; path = Board.swift; sourceTree = "<group>"; };
		12A099CE1CB217C0000AB3B2 /* ScrabbleTest.swift */ = {isa = PBXFileReference; fileEncoding = 4; lastKnownFileType = sourcecode.swift; name = ScrabbleTest.swift; path = wordsTests/ScrabbleTest.swift; sourceTree = SOURCE_ROOT; };
		12A646771C5CFB9C004540AC /* Words.app */ = {isa = PBXFileReference; explicitFileType = wrapper.application; includeInIndex = 0; path = Words.app; sourceTree = BUILT_PRODUCTS_DIR; };
		12A6467A1C5CFB9C004540AC /* AppDelegate.swift */ = {isa = PBXFileReference; lastKnownFileType = sourcecode.swift; path = AppDelegate.swift; sourceTree = "<group>"; };
		12A6467E1C5CFB9C004540AC /* GameScene.swift */ = {isa = PBXFileReference; lastKnownFileType = sourcecode.swift; path = GameScene.swift; sourceTree = "<group>"; usesTabs = 0; };
		12A646801C5CFB9C004540AC /* GameViewController.swift */ = {isa = PBXFileReference; lastKnownFileType = sourcecode.swift; path = GameViewController.swift; sourceTree = "<group>"; };
		12A646831C5CFB9C004540AC /* Base */ = {isa = PBXFileReference; lastKnownFileType = file.storyboard; name = Base; path = Base.lproj/Main.storyboard; sourceTree = "<group>"; };
		12A646851C5CFB9C004540AC /* Assets.xcassets */ = {isa = PBXFileReference; lastKnownFileType = folder.assetcatalog; path = Assets.xcassets; sourceTree = "<group>"; };
		12A646881C5CFB9C004540AC /* Base */ = {isa = PBXFileReference; lastKnownFileType = file.storyboard; name = Base; path = Base.lproj/LaunchScreen.storyboard; sourceTree = "<group>"; };
		12A6468A1C5CFB9C004540AC /* Info.plist */ = {isa = PBXFileReference; lastKnownFileType = text.plist.xml; path = Info.plist; sourceTree = "<group>"; };
		12A646AC1C5CFCBD004540AC /* Sprites.atlas */ = {isa = PBXFileReference; lastKnownFileType = folder.skatlas; path = Sprites.atlas; sourceTree = "<group>"; };
/* End PBXFileReference section */

/* Begin PBXFrameworksBuildPhase section */
		12520A771CB1C3380094F657 /* Frameworks */ = {
			isa = PBXFrameworksBuildPhase;
			buildActionMask = 2147483647;
			files = (
			);
			runOnlyForDeploymentPostprocessing = 0;
		};
		12A646741C5CFB9C004540AC /* Frameworks */ = {
			isa = PBXFrameworksBuildPhase;
			buildActionMask = 2147483647;
			files = (
			);
			runOnlyForDeploymentPostprocessing = 0;
		};
/* End PBXFrameworksBuildPhase section */

/* Begin PBXGroup section */
		12520A7B1CB1C3380094F657 /* WordsTests */ = {
			isa = PBXGroup;
			children = (
				121656A81CB1BE9400B5F2BF /* DictionaryTest.swift */,
				12A099CE1CB217C0000AB3B2 /* ScrabbleTest.swift */,
				12520A851CB1D0DA0094F657 /* DistributionTest.swift */,
				12520A7C1CB1C3380094F657 /* WordsTests.swift */,
				12520A7E1CB1C3380094F657 /* Info.plist */,
			);
			path = WordsTests;
			sourceTree = "<group>";
		};
		12A6466E1C5CFB9C004540AC = {
			isa = PBXGroup;
			children = (
				12A646791C5CFB9C004540AC /* words */,
				12520A7B1CB1C3380094F657 /* WordsTests */,
				12A646781C5CFB9C004540AC /* Products */,
			);
			sourceTree = "<group>";
		};
		12A646781C5CFB9C004540AC /* Products */ = {
			isa = PBXGroup;
			children = (
				12A646771C5CFB9C004540AC /* Words.app */,
				12520A7A1CB1C3380094F657 /* WordsTests.xctest */,
			);
			name = Products;
			sourceTree = "<group>";
		};
		12A646791C5CFB9C004540AC /* words */ = {
			isa = PBXGroup;
			children = (
				129334FF1C5D4D8D0007E7E4 /* Dictionary.swift */,
				129335001C5D4D8D0007E7E4 /* Scrabble.swift */,
				129335011C5D4D8D0007E7E4 /* Tile.swift */,
				129335021C5D4D8D0007E7E4 /* Word.swift */,
				129335031C5D4D8D0007E7E4 /* Board.swift */,
				12200FDA1C681F0500F8A468 /* Rack.swift */,
				129334FD1C5D4D800007E7E4 /* dictionary.txt */,
				12A646AC1C5CFCBD004540AC /* Sprites.atlas */,
				12A6467A1C5CFB9C004540AC /* AppDelegate.swift */,
				12A6467E1C5CFB9C004540AC /* GameScene.swift */,
				12200FD81C6064A600F8A468 /* clear_tombstone_01.caf */,
				12A646801C5CFB9C004540AC /* GameViewController.swift */,
				12A646821C5CFB9C004540AC /* Main.storyboard */,
				12A646851C5CFB9C004540AC /* Assets.xcassets */,
				12A646871C5CFB9C004540AC /* LaunchScreen.storyboard */,
				12A6468A1C5CFB9C004540AC /* Info.plist */,
				129334F71C5D029A0007E7E4 /* Array2D.swift */,
				129334FB1C5D4BBA0007E7E4 /* Alphabet.swift */,
				1275F8AA1C83B9CC000B228C /* Banner.swift */,
				121656A61CA8E03700B5F2BF /* Distribution.swift */,
			);
			path = words;
			sourceTree = "<group>";
		};
/* End PBXGroup section */

/* Begin PBXNativeTarget section */
		12520A791CB1C3380094F657 /* WordsTests */ = {
			isa = PBXNativeTarget;
			buildConfigurationList = 12520A811CB1C3380094F657 /* Build configuration list for PBXNativeTarget "WordsTests" */;
			buildPhases = (
				12520A761CB1C3380094F657 /* Sources */,
				12520A771CB1C3380094F657 /* Frameworks */,
				12520A781CB1C3380094F657 /* Resources */,
			);
			buildRules = (
			);
			dependencies = (
				12520A801CB1C3380094F657 /* PBXTargetDependency */,
			);
			name = WordsTests;
			productName = WordsTests;
			productReference = 12520A7A1CB1C3380094F657 /* WordsTests.xctest */;
			productType = "com.apple.product-type.bundle.unit-test";
		};
		12A646761C5CFB9C004540AC /* Words */ = {
			isa = PBXNativeTarget;
			buildConfigurationList = 12A646A31C5CFB9C004540AC /* Build configuration list for PBXNativeTarget "Words" */;
			buildPhases = (
				12A646731C5CFB9C004540AC /* Sources */,
				12A646741C5CFB9C004540AC /* Frameworks */,
				12A646751C5CFB9C004540AC /* Resources */,
			);
			buildRules = (
			);
			dependencies = (
			);
			name = Words;
			productName = words;
			productReference = 12A646771C5CFB9C004540AC /* Words.app */;
			productType = "com.apple.product-type.application";
		};
/* End PBXNativeTarget section */

/* Begin PBXProject section */
		12A6466F1C5CFB9C004540AC /* Project object */ = {
			isa = PBXProject;
			attributes = {
				LastSwiftUpdateCheck = 0730;
				LastUpgradeCheck = 0720;
				ORGANIZATIONNAME = "Gordon MacDonald";
				TargetAttributes = {
					12520A791CB1C3380094F657 = {
						CreatedOnToolsVersion = 7.3;
						TestTargetID = 12A646761C5CFB9C004540AC;
					};
					12A646761C5CFB9C004540AC = {
						CreatedOnToolsVersion = 7.2;
						DevelopmentTeam = 2S6B6D3BHH;
					};
				};
			};
			buildConfigurationList = 12A646721C5CFB9C004540AC /* Build configuration list for PBXProject "Words" */;
			compatibilityVersion = "Xcode 3.2";
			developmentRegion = English;
			hasScannedForEncodings = 0;
			knownRegions = (
				en,
				Base,
			);
			mainGroup = 12A6466E1C5CFB9C004540AC;
			productRefGroup = 12A646781C5CFB9C004540AC /* Products */;
			projectDirPath = "";
			projectRoot = "";
			targets = (
				12A646761C5CFB9C004540AC /* Words */,
				12520A791CB1C3380094F657 /* WordsTests */,
			);
		};
/* End PBXProject section */

/* Begin PBXResourcesBuildPhase section */
		12520A781CB1C3380094F657 /* Resources */ = {
			isa = PBXResourcesBuildPhase;
			buildActionMask = 2147483647;
			files = (
			);
			runOnlyForDeploymentPostprocessing = 0;
		};
		12A646751C5CFB9C004540AC /* Resources */ = {
			isa = PBXResourcesBuildPhase;
			buildActionMask = 2147483647;
			files = (
				12A646891C5CFB9C004540AC /* LaunchScreen.storyboard in Resources */,
				12200FD91C6064A600F8A468 /* clear_tombstone_01.caf in Resources */,
				12A646861C5CFB9C004540AC /* Assets.xcassets in Resources */,
				12A646841C5CFB9C004540AC /* Main.storyboard in Resources */,
				129334FE1C5D4D800007E7E4 /* dictionary.txt in Resources */,
				12A646AD1C5CFCBD004540AC /* Sprites.atlas in Resources */,
			);
			runOnlyForDeploymentPostprocessing = 0;
		};
/* End PBXResourcesBuildPhase section */

/* Begin PBXSourcesBuildPhase section */
		12520A761CB1C3380094F657 /* Sources */ = {
			isa = PBXSourcesBuildPhase;
			buildActionMask = 2147483647;
			files = (
				12520A7D1CB1C3380094F657 /* WordsTests.swift in Sources */,
				12520A861CB1D0DA0094F657 /* DistributionTest.swift in Sources */,
				12520A841CB1C42A0094F657 /* DictionaryTest.swift in Sources */,
				12A099CF1CB217C0000AB3B2 /* ScrabbleTest.swift in Sources */,
			);
			runOnlyForDeploymentPostprocessing = 0;
		};
		12A646731C5CFB9C004540AC /* Sources */ = {
			isa = PBXSourcesBuildPhase;
			buildActionMask = 2147483647;
			files = (
				129335041C5D4D8D0007E7E4 /* Dictionary.swift in Sources */,
				129335081C5D4D8D0007E7E4 /* Board.swift in Sources */,
				12A6467F1C5CFB9C004540AC /* GameScene.swift in Sources */,
				12A646811C5CFB9C004540AC /* GameViewController.swift in Sources */,
				129335051C5D4D8D0007E7E4 /* Scrabble.swift in Sources */,
				1275F8AB1C83B9CC000B228C /* Banner.swift in Sources */,
				129335071C5D4D8D0007E7E4 /* Word.swift in Sources */,
				12200FDB1C681F0500F8A468 /* Rack.swift in Sources */,
				129334FC1C5D4BBA0007E7E4 /* Alphabet.swift in Sources */,
				129335061C5D4D8D0007E7E4 /* Tile.swift in Sources */,
				12A6467B1C5CFB9C004540AC /* AppDelegate.swift in Sources */,
				129334F81C5D029A0007E7E4 /* Array2D.swift in Sources */,
				121656A71CA8E03700B5F2BF /* Distribution.swift in Sources */,
			);
			runOnlyForDeploymentPostprocessing = 0;
		};
/* End PBXSourcesBuildPhase section */

/* Begin PBXTargetDependency section */
		12520A801CB1C3380094F657 /* PBXTargetDependency */ = {
			isa = PBXTargetDependency;
			target = 12A646761C5CFB9C004540AC /* Words */;
			targetProxy = 12520A7F1CB1C3380094F657 /* PBXContainerItemProxy */;
		};
/* End PBXTargetDependency section */

/* Begin PBXVariantGroup section */
		12A646821C5CFB9C004540AC /* Main.storyboard */ = {
			isa = PBXVariantGroup;
			children = (
				12A646831C5CFB9C004540AC /* Base */,
			);
			name = Main.storyboard;
			sourceTree = "<group>";
		};
		12A646871C5CFB9C004540AC /* LaunchScreen.storyboard */ = {
			isa = PBXVariantGroup;
			children = (
				12A646881C5CFB9C004540AC /* Base */,
			);
			name = LaunchScreen.storyboard;
			sourceTree = "<group>";
		};
/* End PBXVariantGroup section */

/* Begin XCBuildConfiguration section */
		12520A821CB1C3380094F657 /* Debug */ = {
			isa = XCBuildConfiguration;
			buildSettings = {
				BUNDLE_LOADER = "$(TEST_HOST)";
				CLANG_ANALYZER_NONNULL = YES;
				DEBUG_INFORMATION_FORMAT = dwarf;
				INFOPLIST_FILE = WordsTests/Info.plist;
				IPHONEOS_DEPLOYMENT_TARGET = 9.3;
				LD_RUNPATH_SEARCH_PATHS = "$(inherited) @executable_path/Frameworks @loader_path/Frameworks";
				PRODUCT_BUNDLE_IDENTIFIER = com.planetgog.WordsTests;
				PRODUCT_NAME = "$(TARGET_NAME)";
				TEST_HOST = "$(BUILT_PRODUCTS_DIR)/Words.app/Words";
			};
			name = Debug;
		};
		12520A831CB1C3380094F657 /* Release */ = {
			isa = XCBuildConfiguration;
			buildSettings = {
				BUNDLE_LOADER = "$(TEST_HOST)";
				CLANG_ANALYZER_NONNULL = YES;
				INFOPLIST_FILE = WordsTests/Info.plist;
				IPHONEOS_DEPLOYMENT_TARGET = 9.3;
				LD_RUNPATH_SEARCH_PATHS = "$(inherited) @executable_path/Frameworks @loader_path/Frameworks";
				PRODUCT_BUNDLE_IDENTIFIER = com.planetgog.WordsTests;
				PRODUCT_NAME = "$(TARGET_NAME)";
				TEST_HOST = "$(BUILT_PRODUCTS_DIR)/Words.app/Words";
			};
			name = Release;
		};
		12A646A11C5CFB9C004540AC /* Debug */ = {
			isa = XCBuildConfiguration;
			buildSettings = {
				ALWAYS_SEARCH_USER_PATHS = NO;
				CLANG_CXX_LANGUAGE_STANDARD = "gnu++0x";
				CLANG_CXX_LIBRARY = "libc++";
				CLANG_ENABLE_MODULES = YES;
				CLANG_ENABLE_OBJC_ARC = YES;
				CLANG_WARN_BOOL_CONVERSION = YES;
				CLANG_WARN_CONSTANT_CONVERSION = YES;
				CLANG_WARN_DIRECT_OBJC_ISA_USAGE = YES_ERROR;
				CLANG_WARN_EMPTY_BODY = YES;
				CLANG_WARN_ENUM_CONVERSION = YES;
				CLANG_WARN_INT_CONVERSION = YES;
				CLANG_WARN_OBJC_ROOT_CLASS = YES_ERROR;
				CLANG_WARN_UNREACHABLE_CODE = YES;
				CLANG_WARN__DUPLICATE_METHOD_MATCH = YES;
				"CODE_SIGN_IDENTITY[sdk=iphoneos*]" = "iPhone Developer";
				COPY_PHASE_STRIP = NO;
				DEBUG_INFORMATION_FORMAT = "dwarf-with-dsym";
				ENABLE_STRICT_OBJC_MSGSEND = YES;
				ENABLE_TESTABILITY = YES;
				GCC_C_LANGUAGE_STANDARD = gnu99;
				GCC_DYNAMIC_NO_PIC = NO;
				GCC_NO_COMMON_BLOCKS = YES;
				GCC_OPTIMIZATION_LEVEL = 0;
				GCC_PREPROCESSOR_DEFINITIONS = (
					"DEBUG=1",
					"$(inherited)",
				);
				GCC_WARN_64_TO_32_BIT_CONVERSION = YES;
				GCC_WARN_ABOUT_RETURN_TYPE = YES_ERROR;
				GCC_WARN_UNDECLARED_SELECTOR = YES;
				GCC_WARN_UNINITIALIZED_AUTOS = YES_AGGRESSIVE;
				GCC_WARN_UNUSED_FUNCTION = YES;
				GCC_WARN_UNUSED_VARIABLE = YES;
				IPHONEOS_DEPLOYMENT_TARGET = 9.2;
				MTL_ENABLE_DEBUG_INFO = YES;
				ONLY_ACTIVE_ARCH = YES;
				SDKROOT = iphoneos;
				SWIFT_OPTIMIZATION_LEVEL = "-Onone";
			};
			name = Debug;
		};
		12A646A21C5CFB9C004540AC /* Release */ = {
			isa = XCBuildConfiguration;
			buildSettings = {
				ALWAYS_SEARCH_USER_PATHS = NO;
				CLANG_CXX_LANGUAGE_STANDARD = "gnu++0x";
				CLANG_CXX_LIBRARY = "libc++";
				CLANG_ENABLE_MODULES = YES;
				CLANG_ENABLE_OBJC_ARC = YES;
				CLANG_WARN_BOOL_CONVERSION = YES;
				CLANG_WARN_CONSTANT_CONVERSION = YES;
				CLANG_WARN_DIRECT_OBJC_ISA_USAGE = YES_ERROR;
				CLANG_WARN_EMPTY_BODY = YES;
				CLANG_WARN_ENUM_CONVERSION = YES;
				CLANG_WARN_INT_CONVERSION = YES;
				CLANG_WARN_OBJC_ROOT_CLASS = YES_ERROR;
				CLANG_WARN_UNREACHABLE_CODE = YES;
				CLANG_WARN__DUPLICATE_METHOD_MATCH = YES;
				"CODE_SIGN_IDENTITY[sdk=iphoneos*]" = "iPhone Developer";
				COPY_PHASE_STRIP = NO;
				DEBUG_INFORMATION_FORMAT = "dwarf-with-dsym";
				ENABLE_NS_ASSERTIONS = NO;
				ENABLE_STRICT_OBJC_MSGSEND = YES;
				GCC_C_LANGUAGE_STANDARD = gnu99;
				GCC_NO_COMMON_BLOCKS = YES;
				GCC_WARN_64_TO_32_BIT_CONVERSION = YES;
				GCC_WARN_ABOUT_RETURN_TYPE = YES_ERROR;
				GCC_WARN_UNDECLARED_SELECTOR = YES;
				GCC_WARN_UNINITIALIZED_AUTOS = YES_AGGRESSIVE;
				GCC_WARN_UNUSED_FUNCTION = YES;
				GCC_WARN_UNUSED_VARIABLE = YES;
				IPHONEOS_DEPLOYMENT_TARGET = 9.2;
				MTL_ENABLE_DEBUG_INFO = NO;
				SDKROOT = iphoneos;
				VALIDATE_PRODUCT = YES;
			};
			name = Release;
		};
		12A646A41C5CFB9C004540AC /* Debug */ = {
			isa = XCBuildConfiguration;
			buildSettings = {
				ASSETCATALOG_COMPILER_APPICON_NAME = AppIcon;
				CLANG_USE_OPTIMIZATION_PROFILE = YES;
				CODE_SIGN_IDENTITY = "iPhone Developer: gmacdon76@hotmail.com (F89HK9GYZN)";
				ENABLE_TESTABILITY = YES;
				GCC_OPTIMIZATION_LEVEL = s;
				INFOPLIST_FILE = words/Info.plist;
				IPHONEOS_DEPLOYMENT_TARGET = 9.3;
				LD_RUNPATH_SEARCH_PATHS = "$(inherited) @executable_path/Frameworks";
				ONLY_ACTIVE_ARCH = NO;
				PRODUCT_BUNDLE_IDENTIFIER = com.planetgog.words;
				PRODUCT_NAME = Words;
				TARGETED_DEVICE_FAMILY = 1;
			};
			name = Debug;
		};
		12A646A51C5CFB9C004540AC /* Release */ = {
			isa = XCBuildConfiguration;
			buildSettings = {
				ASSETCATALOG_COMPILER_APPICON_NAME = AppIcon;
				CLANG_USE_OPTIMIZATION_PROFILE = YES;
				CODE_SIGN_IDENTITY = "iPhone Developer: gmacdon76@hotmail.com (F89HK9GYZN)";
				ENABLE_TESTABILITY = NO;
				GCC_OPTIMIZATION_LEVEL = s;
				INFOPLIST_FILE = words/Info.plist;
				IPHONEOS_DEPLOYMENT_TARGET = 9.3;
				LD_RUNPATH_SEARCH_PATHS = "$(inherited) @executable_path/Frameworks";
				ONLY_ACTIVE_ARCH = YES;
				PRODUCT_BUNDLE_IDENTIFIER = com.planetgog.words;
				PRODUCT_NAME = Words;
				TARGETED_DEVICE_FAMILY = 1;
			};
			name = Release;
		};
/* End XCBuildConfiguration section */

/* Begin XCConfigurationList section */
		12520A811CB1C3380094F657 /* Build configuration list for PBXNativeTarget "WordsTests" */ = {
			isa = XCConfigurationList;
			buildConfigurations = (
				12520A821CB1C3380094F657 /* Debug */,
				12520A831CB1C3380094F657 /* Release */,
			);
			defaultConfigurationIsVisible = 0;
			defaultConfigurationName = Release;
		};
		12A646721C5CFB9C004540AC /* Build configuration list for PBXProject "Words" */ = {
			isa = XCConfigurationList;
			buildConfigurations = (
				12A646A11C5CFB9C004540AC /* Debug */,
				12A646A21C5CFB9C004540AC /* Release */,
			);
			defaultConfigurationIsVisible = 0;
			defaultConfigurationName = Release;
		};
		12A646A31C5CFB9C004540AC /* Build configuration list for PBXNativeTarget "Words" */ = {
			isa = XCConfigurationList;
			buildConfigurations = (
				12A646A41C5CFB9C004540AC /* Debug */,
				12A646A51C5CFB9C004540AC /* Release */,
			);
			defaultConfigurationIsVisible = 0;
			defaultConfigurationName = Release;
		};
/* End XCConfigurationList section */
	};
	rootObject = 12A6466F1C5CFB9C004540AC /* Project object */;
}
